// !$*UTF8*$!
{
	archiveVersion = 1;
	classes = {
	};
	objectVersion = 50;
	objects = {

/* Begin PBXBuildFile section */
		401F97EE21AC381E00749C28 /* AccountController.swift in Sources */ = {isa = PBXBuildFile; fileRef = 401F97ED21AC381E00749C28 /* AccountController.swift */; };
		401F97F221AC4FBB00749C28 /* StoryController.swift in Sources */ = {isa = PBXBuildFile; fileRef = 401F97F121AC4FBB00749C28 /* StoryController.swift */; };
		406B798021A3F62B0083E24F /* SignInController.swift in Sources */ = {isa = PBXBuildFile; fileRef = 406B797F21A3F62B0083E24F /* SignInController.swift */; };
		406B798221A3F77F0083E24F /* SignUpController.swift in Sources */ = {isa = PBXBuildFile; fileRef = 406B798121A3F77F0083E24F /* SignUpController.swift */; };
		4074B37121A3294F00DE51DB /* MainSignedIn.storyboard in Resources */ = {isa = PBXBuildFile; fileRef = 4074B37021A3294F00DE51DB /* MainSignedIn.storyboard */; };
		4087388321A2D5F200444D1E /* SignIn.storyboard in Resources */ = {isa = PBXBuildFile; fileRef = 4087388221A2D5F200444D1E /* SignIn.storyboard */; };
		4087388521A2D60A00444D1E /* Skip.storyboard in Resources */ = {isa = PBXBuildFile; fileRef = 4087388421A2D60A00444D1E /* Skip.storyboard */; };
		40BEF22021A1E069009231B8 /* AppDelegate.swift in Sources */ = {isa = PBXBuildFile; fileRef = 40BEF21F21A1E069009231B8 /* AppDelegate.swift */; };
		40BEF22221A1E069009231B8 /* ViewController.swift in Sources */ = {isa = PBXBuildFile; fileRef = 40BEF22121A1E069009231B8 /* ViewController.swift */; };
		40BEF22521A1E069009231B8 /* Main.storyboard in Resources */ = {isa = PBXBuildFile; fileRef = 40BEF22321A1E069009231B8 /* Main.storyboard */; };
		40BEF22721A1E069009231B8 /* Assets.xcassets in Resources */ = {isa = PBXBuildFile; fileRef = 40BEF22621A1E069009231B8 /* Assets.xcassets */; };
		40BEF22A21A1E069009231B8 /* LaunchScreen.storyboard in Resources */ = {isa = PBXBuildFile; fileRef = 40BEF22821A1E069009231B8 /* LaunchScreen.storyboard */; };
		40BEF23221A1F0C2009231B8 /* SignUp.storyboard in Resources */ = {isa = PBXBuildFile; fileRef = 40BEF23121A1F0C2009231B8 /* SignUp.storyboard */; };
		9514BC29C11A0592C676897F /* Pods_iStory.framework in Frameworks */ = {isa = PBXBuildFile; fileRef = 741157D1EDDBD32310F00AA4 /* Pods_iStory.framework */; };
		A8D0DD5121AE72F1003BC87E /* User.swift in Sources */ = {isa = PBXBuildFile; fileRef = A8D0DD5021AE72F1003BC87E /* User.swift */; };
/* End PBXBuildFile section */

/* Begin PBXFileReference section */
		401F97ED21AC381E00749C28 /* AccountController.swift */ = {isa = PBXFileReference; lastKnownFileType = sourcecode.swift; path = AccountController.swift; sourceTree = "<group>"; };
		401F97F121AC4FBB00749C28 /* StoryController.swift */ = {isa = PBXFileReference; lastKnownFileType = sourcecode.swift; path = StoryController.swift; sourceTree = "<group>"; };
		406B797F21A3F62B0083E24F /* SignInController.swift */ = {isa = PBXFileReference; lastKnownFileType = sourcecode.swift; path = SignInController.swift; sourceTree = "<group>"; };
		406B798121A3F77F0083E24F /* SignUpController.swift */ = {isa = PBXFileReference; lastKnownFileType = sourcecode.swift; path = SignUpController.swift; sourceTree = "<group>"; };
		4074B37021A3294F00DE51DB /* MainSignedIn.storyboard */ = {isa = PBXFileReference; lastKnownFileType = file.storyboard; path = MainSignedIn.storyboard; sourceTree = "<group>"; };
		4087388221A2D5F200444D1E /* SignIn.storyboard */ = {isa = PBXFileReference; lastKnownFileType = file.storyboard; path = SignIn.storyboard; sourceTree = "<group>"; };
		4087388421A2D60A00444D1E /* Skip.storyboard */ = {isa = PBXFileReference; lastKnownFileType = file.storyboard; path = Skip.storyboard; sourceTree = "<group>"; };
		40BEF21C21A1E069009231B8 /* iStory.app */ = {isa = PBXFileReference; explicitFileType = wrapper.application; includeInIndex = 0; path = iStory.app; sourceTree = BUILT_PRODUCTS_DIR; };
		40BEF21F21A1E069009231B8 /* AppDelegate.swift */ = {isa = PBXFileReference; lastKnownFileType = sourcecode.swift; path = AppDelegate.swift; sourceTree = "<group>"; };
		40BEF22121A1E069009231B8 /* ViewController.swift */ = {isa = PBXFileReference; lastKnownFileType = sourcecode.swift; path = ViewController.swift; sourceTree = "<group>"; };
		40BEF22421A1E069009231B8 /* Base */ = {isa = PBXFileReference; lastKnownFileType = file.storyboard; name = Base; path = Base.lproj/Main.storyboard; sourceTree = "<group>"; };
		40BEF22621A1E069009231B8 /* Assets.xcassets */ = {isa = PBXFileReference; lastKnownFileType = folder.assetcatalog; path = Assets.xcassets; sourceTree = "<group>"; };
		40BEF22921A1E069009231B8 /* Base */ = {isa = PBXFileReference; lastKnownFileType = file.storyboard; name = Base; path = Base.lproj/LaunchScreen.storyboard; sourceTree = "<group>"; };
		40BEF22B21A1E069009231B8 /* Info.plist */ = {isa = PBXFileReference; lastKnownFileType = text.plist.xml; path = Info.plist; sourceTree = "<group>"; };
		40BEF23121A1F0C2009231B8 /* SignUp.storyboard */ = {isa = PBXFileReference; lastKnownFileType = file.storyboard; path = SignUp.storyboard; sourceTree = "<group>"; };
		64179CAAEBA52C2EC597023D /* Pods-iStory.release.xcconfig */ = {isa = PBXFileReference; includeInIndex = 1; lastKnownFileType = text.xcconfig; name = "Pods-iStory.release.xcconfig"; path = "Pods/Target Support Files/Pods-iStory/Pods-iStory.release.xcconfig"; sourceTree = "<group>"; };
		741157D1EDDBD32310F00AA4 /* Pods_iStory.framework */ = {isa = PBXFileReference; explicitFileType = wrapper.framework; includeInIndex = 0; path = Pods_iStory.framework; sourceTree = BUILT_PRODUCTS_DIR; };
		97849AB532E3F752733C35D6 /* Pods-iStory.debug.xcconfig */ = {isa = PBXFileReference; includeInIndex = 1; lastKnownFileType = text.xcconfig; name = "Pods-iStory.debug.xcconfig"; path = "Pods/Target Support Files/Pods-iStory/Pods-iStory.debug.xcconfig"; sourceTree = "<group>"; };
		A8D0DD5021AE72F1003BC87E /* User.swift */ = {isa = PBXFileReference; lastKnownFileType = sourcecode.swift; path = User.swift; sourceTree = "<group>"; };
/* End PBXFileReference section */

/* Begin PBXFrameworksBuildPhase section */
		40BEF21921A1E069009231B8 /* Frameworks */ = {
			isa = PBXFrameworksBuildPhase;
			buildActionMask = 2147483647;
			files = (
				9514BC29C11A0592C676897F /* Pods_iStory.framework in Frameworks */,
			);
			runOnlyForDeploymentPostprocessing = 0;
		};
/* End PBXFrameworksBuildPhase section */

/* Begin PBXGroup section */
		40BEF21321A1E069009231B8 = {
			isa = PBXGroup;
			children = (
				40BEF21E21A1E069009231B8 /* iStory */,
				40BEF21D21A1E069009231B8 /* Products */,
				6ECB74BD5A3D3538FA3837ED /* Pods */,
				DD35DA1682589192834C8349 /* Frameworks */,
			);
			sourceTree = "<group>";
		};
		40BEF21D21A1E069009231B8 /* Products */ = {
			isa = PBXGroup;
			children = (
				40BEF21C21A1E069009231B8 /* iStory.app */,
			);
			name = Products;
			sourceTree = "<group>";
		};
		40BEF21E21A1E069009231B8 /* iStory */ = {
			isa = PBXGroup;
			children = (
				40BEF21F21A1E069009231B8 /* AppDelegate.swift */,
				401F97F121AC4FBB00749C28 /* StoryController.swift */,
				40BEF22121A1E069009231B8 /* ViewController.swift */,
				401F97ED21AC381E00749C28 /* AccountController.swift */,
				406B797F21A3F62B0083E24F /* SignInController.swift */,
				406B798121A3F77F0083E24F /* SignUpController.swift */,
				40BEF22321A1E069009231B8 /* Main.storyboard */,
				4087388421A2D60A00444D1E /* Skip.storyboard */,
				40BEF23121A1F0C2009231B8 /* SignUp.storyboard */,
				4087388221A2D5F200444D1E /* SignIn.storyboard */,
				4074B37021A3294F00DE51DB /* MainSignedIn.storyboard */,
				40BEF22621A1E069009231B8 /* Assets.xcassets */,
				40BEF22821A1E069009231B8 /* LaunchScreen.storyboard */,
				40BEF22B21A1E069009231B8 /* Info.plist */,
				A8D0DD5021AE72F1003BC87E /* User.swift */,
			);
			path = iStory;
			sourceTree = "<group>";
		};
		6ECB74BD5A3D3538FA3837ED /* Pods */ = {
			isa = PBXGroup;
			children = (
				97849AB532E3F752733C35D6 /* Pods-iStory.debug.xcconfig */,
				64179CAAEBA52C2EC597023D /* Pods-iStory.release.xcconfig */,
			);
			name = Pods;
			sourceTree = "<group>";
		};
		DD35DA1682589192834C8349 /* Frameworks */ = {
			isa = PBXGroup;
			children = (
				741157D1EDDBD32310F00AA4 /* Pods_iStory.framework */,
			);
			name = Frameworks;
			sourceTree = "<group>";
		};
/* End PBXGroup section */

/* Begin PBXNativeTarget section */
		40BEF21B21A1E069009231B8 /* iStory */ = {
			isa = PBXNativeTarget;
			buildConfigurationList = 40BEF22E21A1E069009231B8 /* Build configuration list for PBXNativeTarget "iStory" */;
			buildPhases = (
				621B9D21AD0C5C9CD0808EEC /* [CP] Check Pods Manifest.lock */,
				40BEF21821A1E069009231B8 /* Sources */,
				40BEF21921A1E069009231B8 /* Frameworks */,
				40BEF21A21A1E069009231B8 /* Resources */,
				7D1A56FEC6FE0F08C891C10C /* [CP] Embed Pods Frameworks */,
			);
			buildRules = (
			);
			dependencies = (
			);
			name = iStory;
			productName = iStory;
			productReference = 40BEF21C21A1E069009231B8 /* iStory.app */;
			productType = "com.apple.product-type.application";
		};
/* End PBXNativeTarget section */

/* Begin PBXProject section */
		40BEF21421A1E069009231B8 /* Project object */ = {
			isa = PBXProject;
			attributes = {
				LastSwiftUpdateCheck = 1010;
				LastUpgradeCheck = 1010;
				ORGANIZATIONNAME = "Aldo Purwanto";
				TargetAttributes = {
					40BEF21B21A1E069009231B8 = {
						CreatedOnToolsVersion = 10.1;
					};
				};
			};
			buildConfigurationList = 40BEF21721A1E069009231B8 /* Build configuration list for PBXProject "iStory" */;
			compatibilityVersion = "Xcode 9.3";
			developmentRegion = en;
			hasScannedForEncodings = 0;
			knownRegions = (
				en,
				Base,
			);
			mainGroup = 40BEF21321A1E069009231B8;
			productRefGroup = 40BEF21D21A1E069009231B8 /* Products */;
			projectDirPath = "";
			projectRoot = "";
			targets = (
				40BEF21B21A1E069009231B8 /* iStory */,
			);
		};
/* End PBXProject section */

/* Begin PBXResourcesBuildPhase section */
		40BEF21A21A1E069009231B8 /* Resources */ = {
			isa = PBXResourcesBuildPhase;
			buildActionMask = 2147483647;
			files = (
				4074B37121A3294F00DE51DB /* MainSignedIn.storyboard in Resources */,
				40BEF22A21A1E069009231B8 /* LaunchScreen.storyboard in Resources */,
				4087388321A2D5F200444D1E /* SignIn.storyboard in Resources */,
				40BEF22721A1E069009231B8 /* Assets.xcassets in Resources */,
				40BEF23221A1F0C2009231B8 /* SignUp.storyboard in Resources */,
				40BEF22521A1E069009231B8 /* Main.storyboard in Resources */,
				4087388521A2D60A00444D1E /* Skip.storyboard in Resources */,
			);
			runOnlyForDeploymentPostprocessing = 0;
		};
/* End PBXResourcesBuildPhase section */

/* Begin PBXShellScriptBuildPhase section */
		621B9D21AD0C5C9CD0808EEC /* [CP] Check Pods Manifest.lock */ = {
			isa = PBXShellScriptBuildPhase;
			buildActionMask = 2147483647;
			files = (
			);
			inputFileListPaths = (
			);
			inputPaths = (
				"${PODS_PODFILE_DIR_PATH}/Podfile.lock",
				"${PODS_ROOT}/Manifest.lock",
			);
			name = "[CP] Check Pods Manifest.lock";
			outputFileListPaths = (
			);
			outputPaths = (
				"$(DERIVED_FILE_DIR)/Pods-iStory-checkManifestLockResult.txt",
			);
			runOnlyForDeploymentPostprocessing = 0;
			shellPath = /bin/sh;
			shellScript = "diff \"${PODS_PODFILE_DIR_PATH}/Podfile.lock\" \"${PODS_ROOT}/Manifest.lock\" > /dev/null\nif [ $? != 0 ] ; then\n    # print error to STDERR\n    echo \"error: The sandbox is not in sync with the Podfile.lock. Run 'pod install' or update your CocoaPods installation.\" >&2\n    exit 1\nfi\n# This output is used by Xcode 'outputs' to avoid re-running this script phase.\necho \"SUCCESS\" > \"${SCRIPT_OUTPUT_FILE_0}\"\n";
			showEnvVarsInLog = 0;
		};
		7D1A56FEC6FE0F08C891C10C /* [CP] Embed Pods Frameworks */ = {
			isa = PBXShellScriptBuildPhase;
			buildActionMask = 2147483647;
			files = (
			);
			inputFileListPaths = (
			);
			inputPaths = (
				"${SRCROOT}/Pods/Target Support Files/Pods-iStory/Pods-iStory-frameworks.sh",
				"${BUILT_PRODUCTS_DIR}/Alamofire/Alamofire.framework",
				"${BUILT_PRODUCTS_DIR}/SwiftyJSON/SwiftyJSON.framework",
			);
			name = "[CP] Embed Pods Frameworks";
			outputFileListPaths = (
			);
			outputPaths = (
				"${TARGET_BUILD_DIR}/${FRAMEWORKS_FOLDER_PATH}/Alamofire.framework",
				"${TARGET_BUILD_DIR}/${FRAMEWORKS_FOLDER_PATH}/SwiftyJSON.framework",
			);
			runOnlyForDeploymentPostprocessing = 0;
			shellPath = /bin/sh;
			shellScript = "\"${SRCROOT}/Pods/Target Support Files/Pods-iStory/Pods-iStory-frameworks.sh\"\n";
			showEnvVarsInLog = 0;
		};
/* End PBXShellScriptBuildPhase section */

/* Begin PBXSourcesBuildPhase section */
		40BEF21821A1E069009231B8 /* Sources */ = {
			isa = PBXSourcesBuildPhase;
			buildActionMask = 2147483647;
			files = (
				406B798021A3F62B0083E24F /* SignInController.swift in Sources */,
				401F97F221AC4FBB00749C28 /* StoryController.swift in Sources */,
				401F97EE21AC381E00749C28 /* AccountController.swift in Sources */,
				40BEF22221A1E069009231B8 /* ViewController.swift in Sources */,
				40BEF22021A1E069009231B8 /* AppDelegate.swift in Sources */,
				406B798221A3F77F0083E24F /* SignUpController.swift in Sources */,
				A8D0DD5121AE72F1003BC87E /* User.swift in Sources */,
			);
			runOnlyForDeploymentPostprocessing = 0;
		};
/* End PBXSourcesBuildPhase section */

/* Begin PBXVariantGroup section */
		40BEF22321A1E069009231B8 /* Main.storyboard */ = {
			isa = PBXVariantGroup;
			children = (
				40BEF22421A1E069009231B8 /* Base */,
			);
			name = Main.storyboard;
			sourceTree = "<group>";
		};
		40BEF22821A1E069009231B8 /* LaunchScreen.storyboard */ = {
			isa = PBXVariantGroup;
			children = (
				40BEF22921A1E069009231B8 /* Base */,
			);
			name = LaunchScreen.storyboard;
			sourceTree = "<group>";
		};
/* End PBXVariantGroup section */

/* Begin XCBuildConfiguration section */
		40BEF22C21A1E069009231B8 /* Debug */ = {
			isa = XCBuildConfiguration;
			buildSettings = {
				ALWAYS_SEARCH_USER_PATHS = NO;
				CLANG_ANALYZER_NONNULL = YES;
				CLANG_ANALYZER_NUMBER_OBJECT_CONVERSION = YES_AGGRESSIVE;
				CLANG_CXX_LANGUAGE_STANDARD = "gnu++14";
				CLANG_CXX_LIBRARY = "libc++";
				CLANG_ENABLE_MODULES = YES;
				CLANG_ENABLE_OBJC_ARC = YES;
				CLANG_ENABLE_OBJC_WEAK = YES;
				CLANG_WARN_BLOCK_CAPTURE_AUTORELEASING = YES;
				CLANG_WARN_BOOL_CONVERSION = YES;
				CLANG_WARN_COMMA = YES;
				CLANG_WARN_CONSTANT_CONVERSION = YES;
				CLANG_WARN_DEPRECATED_OBJC_IMPLEMENTATIONS = YES;
				CLANG_WARN_DIRECT_OBJC_ISA_USAGE = YES_ERROR;
				CLANG_WARN_DOCUMENTATION_COMMENTS = YES;
				CLANG_WARN_EMPTY_BODY = YES;
				CLANG_WARN_ENUM_CONVERSION = YES;
				CLANG_WARN_INFINITE_RECURSION = YES;
				CLANG_WARN_INT_CONVERSION = YES;
				CLANG_WARN_NON_LITERAL_NULL_CONVERSION = YES;
				CLANG_WARN_OBJC_IMPLICIT_RETAIN_SELF = YES;
				CLANG_WARN_OBJC_LITERAL_CONVERSION = YES;
				CLANG_WARN_OBJC_ROOT_CLASS = YES_ERROR;
				CLANG_WARN_RANGE_LOOP_ANALYSIS = YES;
				CLANG_WARN_STRICT_PROTOTYPES = YES;
				CLANG_WARN_SUSPICIOUS_MOVE = YES;
				CLANG_WARN_UNGUARDED_AVAILABILITY = YES_AGGRESSIVE;
				CLANG_WARN_UNREACHABLE_CODE = YES;
				CLANG_WARN__DUPLICATE_METHOD_MATCH = YES;
				CODE_SIGN_IDENTITY = "iPhone Developer";
				COPY_PHASE_STRIP = NO;
				DEBUG_INFORMATION_FORMAT = dwarf;
				ENABLE_STRICT_OBJC_MSGSEND = YES;
				ENABLE_TESTABILITY = YES;
				GCC_C_LANGUAGE_STANDARD = gnu11;
				GCC_DYNAMIC_NO_PIC = NO;
				GCC_NO_COMMON_BLOCKS = YES;
				GCC_OPTIMIZATION_LEVEL = 0;
				GCC_PREPROCESSOR_DEFINITIONS = (
					"DEBUG=1",
					"$(inherited)",
				);
				GCC_WARN_64_TO_32_BIT_CONVERSION = YES;
				GCC_WARN_ABOUT_RETURN_TYPE = YES_ERROR;
				GCC_WARN_UNDECLARED_SELECTOR = YES;
				GCC_WARN_UNINITIALIZED_AUTOS = YES_AGGRESSIVE;
				GCC_WARN_UNUSED_FUNCTION = YES;
				GCC_WARN_UNUSED_VARIABLE = YES;
				IPHONEOS_DEPLOYMENT_TARGET = 12.0;
				MTL_ENABLE_DEBUG_INFO = INCLUDE_SOURCE;
				MTL_FAST_MATH = YES;
				ONLY_ACTIVE_ARCH = YES;
				SDKROOT = iphoneos;
				SWIFT_ACTIVE_COMPILATION_CONDITIONS = DEBUG;
				SWIFT_OPTIMIZATION_LEVEL = "-Onone";
			};
			name = Debug;
		};
		40BEF22D21A1E069009231B8 /* Release */ = {
			isa = XCBuildConfiguration;
			buildSettings = {
				ALWAYS_SEARCH_USER_PATHS = NO;
				CLANG_ANALYZER_NONNULL = YES;
				CLANG_ANALYZER_NUMBER_OBJECT_CONVERSION = YES_AGGRESSIVE;
				CLANG_CXX_LANGUAGE_STANDARD = "gnu++14";
				CLANG_CXX_LIBRARY = "libc++";
				CLANG_ENABLE_MODULES = YES;
				CLANG_ENABLE_OBJC_ARC = YES;
				CLANG_ENABLE_OBJC_WEAK = YES;
				CLANG_WARN_BLOCK_CAPTURE_AUTORELEASING = YES;
				CLANG_WARN_BOOL_CONVERSION = YES;
				CLANG_WARN_COMMA = YES;
				CLANG_WARN_CONSTANT_CONVERSION = YES;
				CLANG_WARN_DEPRECATED_OBJC_IMPLEMENTATIONS = YES;
				CLANG_WARN_DIRECT_OBJC_ISA_USAGE = YES_ERROR;
				CLANG_WARN_DOCUMENTATION_COMMENTS = YES;
				CLANG_WARN_EMPTY_BODY = YES;
				CLANG_WARN_ENUM_CONVERSION = YES;
				CLANG_WARN_INFINITE_RECURSION = YES;
				CLANG_WARN_INT_CONVERSION = YES;
				CLANG_WARN_NON_LITERAL_NULL_CONVERSION = YES;
				CLANG_WARN_OBJC_IMPLICIT_RETAIN_SELF = YES;
				CLANG_WARN_OBJC_LITERAL_CONVERSION = YES;
				CLANG_WARN_OBJC_ROOT_CLASS = YES_ERROR;
				CLANG_WARN_RANGE_LOOP_ANALYSIS = YES;
				CLANG_WARN_STRICT_PROTOTYPES = YES;
				CLANG_WARN_SUSPICIOUS_MOVE = YES;
				CLANG_WARN_UNGUARDED_AVAILABILITY = YES_AGGRESSIVE;
				CLANG_WARN_UNREACHABLE_CODE = YES;
				CLANG_WARN__DUPLICATE_METHOD_MATCH = YES;
				CODE_SIGN_IDENTITY = "iPhone Developer";
				COPY_PHASE_STRIP = NO;
				DEBUG_INFORMATION_FORMAT = "dwarf-with-dsym";
				ENABLE_NS_ASSERTIONS = NO;
				ENABLE_STRICT_OBJC_MSGSEND = YES;
				GCC_C_LANGUAGE_STANDARD = gnu11;
				GCC_NO_COMMON_BLOCKS = YES;
				GCC_WARN_64_TO_32_BIT_CONVERSION = YES;
				GCC_WARN_ABOUT_RETURN_TYPE = YES_ERROR;
				GCC_WARN_UNDECLARED_SELECTOR = YES;
				GCC_WARN_UNINITIALIZED_AUTOS = YES_AGGRESSIVE;
				GCC_WARN_UNUSED_FUNCTION = YES;
				GCC_WARN_UNUSED_VARIABLE = YES;
				IPHONEOS_DEPLOYMENT_TARGET = 12.0;
				MTL_ENABLE_DEBUG_INFO = NO;
				MTL_FAST_MATH = YES;
				SDKROOT = iphoneos;
				SWIFT_COMPILATION_MODE = wholemodule;
				SWIFT_OPTIMIZATION_LEVEL = "-O";
				VALIDATE_PRODUCT = YES;
			};
			name = Release;
		};
		40BEF22F21A1E069009231B8 /* Debug */ = {
			isa = XCBuildConfiguration;
			baseConfigurationReference = 97849AB532E3F752733C35D6 /* Pods-iStory.debug.xcconfig */;
			buildSettings = {
				ASSETCATALOG_COMPILER_APPICON_NAME = AppIcon;
				ASSETCATALOG_COMPILER_LAUNCHIMAGE_NAME = LaunchImage;
				CODE_SIGN_STYLE = Automatic;
				DEVELOPMENT_TEAM = 78AAAK9ARC;
				INFOPLIST_FILE = iStory/Info.plist;
				LD_RUNPATH_SEARCH_PATHS = (
					"$(inherited)",
					"@executable_path/Frameworks",
				);
				PRODUCT_BUNDLE_IDENTIFIER = com.uajy.iStory;
				PRODUCT_NAME = "$(TARGET_NAME)";
				SWIFT_VERSION = 4.2;
				TARGETED_DEVICE_FAMILY = 1;
			};
			name = Debug;
		};
		40BEF23021A1E069009231B8 /* Release */ = {
			isa = XCBuildConfiguration;
			baseConfigurationReference = 64179CAAEBA52C2EC597023D /* Pods-iStory.release.xcconfig */;
			buildSettings = {
				ASSETCATALOG_COMPILER_APPICON_NAME = AppIcon;
				ASSETCATALOG_COMPILER_LAUNCHIMAGE_NAME = LaunchImage;
				CODE_SIGN_STYLE = Automatic;
				DEVELOPMENT_TEAM = 78AAAK9ARC;
				INFOPLIST_FILE = iStory/Info.plist;
				LD_RUNPATH_SEARCH_PATHS = (
					"$(inherited)",
					"@executable_path/Frameworks",
				);
				PRODUCT_BUNDLE_IDENTIFIER = com.uajy.iStory;
				PRODUCT_NAME = "$(TARGET_NAME)";
				SWIFT_VERSION = 4.2;
				TARGETED_DEVICE_FAMILY = 1;
			};
			name = Release;
		};
/* End XCBuildConfiguration section */

/* Begin XCConfigurationList section */
		40BEF21721A1E069009231B8 /* Build configuration list for PBXProject "iStory" */ = {
			isa = XCConfigurationList;
			buildConfigurations = (
				40BEF22C21A1E069009231B8 /* Debug */,
				40BEF22D21A1E069009231B8 /* Release */,
			);
			defaultConfigurationIsVisible = 0;
			defaultConfigurationName = Release;
		};
		40BEF22E21A1E069009231B8 /* Build configuration list for PBXNativeTarget "iStory" */ = {
			isa = XCConfigurationList;
			buildConfigurations = (
				40BEF22F21A1E069009231B8 /* Debug */,
				40BEF23021A1E069009231B8 /* Release */,
			);
			defaultConfigurationIsVisible = 0;
			defaultConfigurationName = Release;
		};
/* End XCConfigurationList section */
	};
	rootObject = 40BEF21421A1E069009231B8 /* Project object */;
}
